// !$*UTF8*$!
{
	archiveVersion = 1;
	classes = {
	};
	objectVersion = 46;
	objects = {

/* Begin PBXBuildFile section */
		01B3217E16893CD200648346 /* WebServices.m in Sources */ = {isa = PBXBuildFile; fileRef = 01B3217D16893CD200648346 /* WebServices.m */; };
		01B321821689418E00648346 /* URLConnectionViewController.m in Sources */ = {isa = PBXBuildFile; fileRef = 01B321801689418E00648346 /* URLConnectionViewController.m */; };
		01BC5C581679B17400E870DF /* datatable.xml in Resources */ = {isa = PBXBuildFile; fileRef = 01BC5C571679B17400E870DF /* datatable.xml */; };
		01CEC69D1678566700D07A1B /* UIKit.framework in Frameworks */ = {isa = PBXBuildFile; fileRef = 01CEC69C1678566700D07A1B /* UIKit.framework */; };
		01CEC69F1678566700D07A1B /* Foundation.framework in Frameworks */ = {isa = PBXBuildFile; fileRef = 01CEC69E1678566700D07A1B /* Foundation.framework */; };
		01CEC6A11678566700D07A1B /* CoreGraphics.framework in Frameworks */ = {isa = PBXBuildFile; fileRef = 01CEC6A01678566700D07A1B /* CoreGraphics.framework */; };
		01CEC6A71678566700D07A1B /* InfoPlist.strings in Resources */ = {isa = PBXBuildFile; fileRef = 01CEC6A51678566700D07A1B /* InfoPlist.strings */; };
		01CEC6A91678566700D07A1B /* main.m in Sources */ = {isa = PBXBuildFile; fileRef = 01CEC6A81678566700D07A1B /* main.m */; };
		01CEC6AD1678566700D07A1B /* AppDelegate.m in Sources */ = {isa = PBXBuildFile; fileRef = 01CEC6AC1678566700D07A1B /* AppDelegate.m */; };
		01CEC6AF1678566700D07A1B /* Default.png in Resources */ = {isa = PBXBuildFile; fileRef = 01CEC6AE1678566700D07A1B /* Default.png */; };
		01CEC6B11678566700D07A1B /* Default@2x.png in Resources */ = {isa = PBXBuildFile; fileRef = 01CEC6B01678566700D07A1B /* Default@2x.png */; };
		01CEC6B31678566700D07A1B /* Default-568h@2x.png in Resources */ = {isa = PBXBuildFile; fileRef = 01CEC6B21678566700D07A1B /* Default-568h@2x.png */; };
		01CEC6B61678566700D07A1B /* MainStoryboard.storyboard in Resources */ = {isa = PBXBuildFile; fileRef = 01CEC6B41678566700D07A1B /* MainStoryboard.storyboard */; };
		01CEC6B91678566700D07A1B /* ViewController.m in Sources */ = {isa = PBXBuildFile; fileRef = 01CEC6B81678566700D07A1B /* ViewController.m */; };
		01CEC6C41678571000D07A1B /* Reachability.m in Sources */ = {isa = PBXBuildFile; fileRef = 01CEC6C31678571000D07A1B /* Reachability.m */; };
		01CEC6D61678573200D07A1B /* ASINetworkQueue.m in Sources */ = {isa = PBXBuildFile; fileRef = 01CEC6C71678573200D07A1B /* ASINetworkQueue.m */; };
		01CEC6D71678573200D07A1B /* ASIDataDecompressor.m in Sources */ = {isa = PBXBuildFile; fileRef = 01CEC6C91678573200D07A1B /* ASIDataDecompressor.m */; };
		01CEC6D81678573200D07A1B /* ASIDataCompressor.m in Sources */ = {isa = PBXBuildFile; fileRef = 01CEC6CB1678573200D07A1B /* ASIDataCompressor.m */; };
		01CEC6D91678573200D07A1B /* ASIInputStream.m in Sources */ = {isa = PBXBuildFile; fileRef = 01CEC6CD1678573200D07A1B /* ASIInputStream.m */; };
		01CEC6DA1678573200D07A1B /* ASIAuthenticationDialog.m in Sources */ = {isa = PBXBuildFile; fileRef = 01CEC6CF1678573200D07A1B /* ASIAuthenticationDialog.m */; };
		01CEC6DB1678573200D07A1B /* ASIHTTPRequest.m in Sources */ = {isa = PBXBuildFile; fileRef = 01CEC6D51678573200D07A1B /* ASIHTTPRequest.m */; };
		01CEC6DE1678573F00D07A1B /* ServiceHelper.m in Sources */ = {isa = PBXBuildFile; fileRef = 01CEC6DD1678573F00D07A1B /* ServiceHelper.m */; };
		01CEC6E2167857AF00D07A1B /* SystemConfiguration.framework in Frameworks */ = {isa = PBXBuildFile; fileRef = 01CEC6E1167857AF00D07A1B /* SystemConfiguration.framework */; };
		01CEC6E4167857BA00D07A1B /* CFNetwork.framework in Frameworks */ = {isa = PBXBuildFile; fileRef = 01CEC6E3167857BA00D07A1B /* CFNetwork.framework */; };
		01CEC6EC1678580F00D07A1B /* GDataXMLNode.m in Sources */ = {isa = PBXBuildFile; fileRef = 01CEC6E71678580F00D07A1B /* GDataXMLNode.m */; };
		01CEC6ED1678580F00D07A1B /* SoapXmlParseHelper.m in Sources */ = {isa = PBXBuildFile; fileRef = 01CEC6EB1678580F00D07A1B /* SoapXmlParseHelper.m */; };
		01CEC6EF1678584D00D07A1B /* libxml2.dylib in Frameworks */ = {isa = PBXBuildFile; fileRef = 01CEC6EE1678584D00D07A1B /* libxml2.dylib */; };
		01CEC6F1167858E300D07A1B /* libz.dylib in Frameworks */ = {isa = PBXBuildFile; fileRef = 01CEC6F0167858E300D07A1B /* libz.dylib */; };
		01CEC6F31678591000D07A1B /* MobileCoreServices.framework in Frameworks */ = {isa = PBXBuildFile; fileRef = 01CEC6F21678591000D07A1B /* MobileCoreServices.framework */; };
		01CEC6F8167874A400D07A1B /* SoapHelper.m in Sources */ = {isa = PBXBuildFile; fileRef = 01CEC6F7167874A400D07A1B /* SoapHelper.m */; };
		01CEC6FC1678854500D07A1B /* MBProgressHUD.m in Sources */ = {isa = PBXBuildFile; fileRef = 01CEC6FB1678854500D07A1B /* MBProgressHUD.m */; };
		01CF46601687F12A00645EF2 /* AppHelper.m in Sources */ = {isa = PBXBuildFile; fileRef = 01CF465F1687F12A00645EF2 /* AppHelper.m */; };
/* End PBXBuildFile section */

/* Begin PBXFileReference section */
		01B3217C16893CD200648346 /* WebServices.h */ = {isa = PBXFileReference; fileEncoding = 4; lastKnownFileType = sourcecode.c.h; path = WebServices.h; sourceTree = "<group>"; };
		01B3217D16893CD200648346 /* WebServices.m */ = {isa = PBXFileReference; fileEncoding = 4; lastKnownFileType = sourcecode.c.objc; path = WebServices.m; sourceTree = "<group>"; };
		01B3217F1689418E00648346 /* URLConnectionViewController.h */ = {isa = PBXFileReference; fileEncoding = 4; lastKnownFileType = sourcecode.c.h; path = URLConnectionViewController.h; sourceTree = "<group>"; };
		01B321801689418E00648346 /* URLConnectionViewController.m */ = {isa = PBXFileReference; fileEncoding = 4; lastKnownFileType = sourcecode.c.objc; path = URLConnectionViewController.m; sourceTree = "<group>"; };
		01BC5C571679B17400E870DF /* datatable.xml */ = {isa = PBXFileReference; fileEncoding = 4; lastKnownFileType = text.xml; path = datatable.xml; sourceTree = "<group>"; };
		01CEC6981678566700D07A1B /* WebService.app */ = {isa = PBXFileReference; explicitFileType = wrapper.application; includeInIndex = 0; path = WebService.app; sourceTree = BUILT_PRODUCTS_DIR; };
		01CEC69C1678566700D07A1B /* UIKit.framework */ = {isa = PBXFileReference; lastKnownFileType = wrapper.framework; name = UIKit.framework; path = System/Library/Frameworks/UIKit.framework; sourceTree = SDKROOT; };
		01CEC69E1678566700D07A1B /* Foundation.framework */ = {isa = PBXFileReference; lastKnownFileType = wrapper.framework; name = Foundation.framework; path = System/Library/Frameworks/Foundation.framework; sourceTree = SDKROOT; };
		01CEC6A01678566700D07A1B /* CoreGraphics.framework */ = {isa = PBXFileReference; lastKnownFileType = wrapper.framework; name = CoreGraphics.framework; path = System/Library/Frameworks/CoreGraphics.framework; sourceTree = SDKROOT; };
		01CEC6A41678566700D07A1B /* WebService-Info.plist */ = {isa = PBXFileReference; lastKnownFileType = text.plist.xml; path = "WebService-Info.plist"; sourceTree = "<group>"; };
		01CEC6A61678566700D07A1B /* en */ = {isa = PBXFileReference; lastKnownFileType = text.plist.strings; name = en; path = en.lproj/InfoPlist.strings; sourceTree = "<group>"; };
		01CEC6A81678566700D07A1B /* main.m */ = {isa = PBXFileReference; lastKnownFileType = sourcecode.c.objc; path = main.m; sourceTree = "<group>"; };
		01CEC6AA1678566700D07A1B /* WebService-Prefix.pch */ = {isa = PBXFileReference; lastKnownFileType = sourcecode.c.h; path = "WebService-Prefix.pch"; sourceTree = "<group>"; };
		01CEC6AB1678566700D07A1B /* AppDelegate.h */ = {isa = PBXFileReference; lastKnownFileType = sourcecode.c.h; path = AppDelegate.h; sourceTree = "<group>"; };
		01CEC6AC1678566700D07A1B /* AppDelegate.m */ = {isa = PBXFileReference; lastKnownFileType = sourcecode.c.objc; path = AppDelegate.m; sourceTree = "<group>"; };
		01CEC6AE1678566700D07A1B /* Default.png */ = {isa = PBXFileReference; lastKnownFileType = image.png; path = Default.png; sourceTree = "<group>"; };
		01CEC6B01678566700D07A1B /* Default@2x.png */ = {isa = PBXFileReference; lastKnownFileType = image.png; path = "Default@2x.png"; sourceTree = "<group>"; };
		01CEC6B21678566700D07A1B /* Default-568h@2x.png */ = {isa = PBXFileReference; lastKnownFileType = image.png; path = "Default-568h@2x.png"; sourceTree = "<group>"; };
		01CEC6B51678566700D07A1B /* en */ = {isa = PBXFileReference; lastKnownFileType = file.storyboard; name = en; path = en.lproj/MainStoryboard.storyboard; sourceTree = "<group>"; };
		01CEC6B71678566700D07A1B /* ViewController.h */ = {isa = PBXFileReference; lastKnownFileType = sourcecode.c.h; path = ViewController.h; sourceTree = "<group>"; };
		01CEC6B81678566700D07A1B /* ViewController.m */ = {isa = PBXFileReference; lastKnownFileType = sourcecode.c.objc; path = ViewController.m; sourceTree = "<group>"; };
		01CEC6C21678571000D07A1B /* Reachability.h */ = {isa = PBXFileReference; fileEncoding = 4; lastKnownFileType = sourcecode.c.h; path = Reachability.h; sourceTree = "<group>"; };
		01CEC6C31678571000D07A1B /* Reachability.m */ = {isa = PBXFileReference; fileEncoding = 4; lastKnownFileType = sourcecode.c.objc; path = Reachability.m; sourceTree = "<group>"; };
		01CEC6C61678573200D07A1B /* ASINetworkQueue.h */ = {isa = PBXFileReference; fileEncoding = 4; lastKnownFileType = sourcecode.c.h; path = ASINetworkQueue.h; sourceTree = "<group>"; };
		01CEC6C71678573200D07A1B /* ASINetworkQueue.m */ = {isa = PBXFileReference; fileEncoding = 4; lastKnownFileType = sourcecode.c.objc; path = ASINetworkQueue.m; sourceTree = "<group>"; };
		01CEC6C81678573200D07A1B /* ASIDataDecompressor.h */ = {isa = PBXFileReference; fileEncoding = 4; lastKnownFileType = sourcecode.c.h; path = ASIDataDecompressor.h; sourceTree = "<group>"; };
		01CEC6C91678573200D07A1B /* ASIDataDecompressor.m */ = {isa = PBXFileReference; fileEncoding = 4; lastKnownFileType = sourcecode.c.objc; path = ASIDataDecompressor.m; sourceTree = "<group>"; };
		01CEC6CA1678573200D07A1B /* ASIDataCompressor.h */ = {isa = PBXFileReference; fileEncoding = 4; lastKnownFileType = sourcecode.c.h; path = ASIDataCompressor.h; sourceTree = "<group>"; };
		01CEC6CB1678573200D07A1B /* ASIDataCompressor.m */ = {isa = PBXFileReference; fileEncoding = 4; lastKnownFileType = sourcecode.c.objc; path = ASIDataCompressor.m; sourceTree = "<group>"; };
		01CEC6CC1678573200D07A1B /* ASIInputStream.h */ = {isa = PBXFileReference; fileEncoding = 4; lastKnownFileType = sourcecode.c.h; path = ASIInputStream.h; sourceTree = "<group>"; };
		01CEC6CD1678573200D07A1B /* ASIInputStream.m */ = {isa = PBXFileReference; fileEncoding = 4; lastKnownFileType = sourcecode.c.objc; path = ASIInputStream.m; sourceTree = "<group>"; };
		01CEC6CE1678573200D07A1B /* ASIAuthenticationDialog.h */ = {isa = PBXFileReference; fileEncoding = 4; lastKnownFileType = sourcecode.c.h; path = ASIAuthenticationDialog.h; sourceTree = "<group>"; };
		01CEC6CF1678573200D07A1B /* ASIAuthenticationDialog.m */ = {isa = PBXFileReference; fileEncoding = 4; lastKnownFileType = sourcecode.c.objc; path = ASIAuthenticationDialog.m; sourceTree = "<group>"; };
		01CEC6D01678573200D07A1B /* ASICacheDelegate.h */ = {isa = PBXFileReference; fileEncoding = 4; lastKnownFileType = sourcecode.c.h; path = ASICacheDelegate.h; sourceTree = "<group>"; };
		01CEC6D11678573200D07A1B /* ASIProgressDelegate.h */ = {isa = PBXFileReference; fileEncoding = 4; lastKnownFileType = sourcecode.c.h; path = ASIProgressDelegate.h; sourceTree = "<group>"; };
		01CEC6D21678573200D07A1B /* ASIHTTPRequestDelegate.h */ = {isa = PBXFileReference; fileEncoding = 4; lastKnownFileType = sourcecode.c.h; path = ASIHTTPRequestDelegate.h; sourceTree = "<group>"; };
		01CEC6D31678573200D07A1B /* ASIHTTPRequestConfig.h */ = {isa = PBXFileReference; fileEncoding = 4; lastKnownFileType = sourcecode.c.h; path = ASIHTTPRequestConfig.h; sourceTree = "<group>"; };
		01CEC6D41678573200D07A1B /* ASIHTTPRequest.h */ = {isa = PBXFileReference; fileEncoding = 4; lastKnownFileType = sourcecode.c.h; path = ASIHTTPRequest.h; sourceTree = "<group>"; };
		01CEC6D51678573200D07A1B /* ASIHTTPRequest.m */ = {isa = PBXFileReference; fileEncoding = 4; lastKnownFileType = sourcecode.c.objc; path = ASIHTTPRequest.m; sourceTree = "<group>"; };
		01CEC6DC1678573F00D07A1B /* ServiceHelper.h */ = {isa = PBXFileReference; fileEncoding = 4; lastKnownFileType = sourcecode.c.h; path = ServiceHelper.h; sourceTree = "<group>"; };
		01CEC6DD1678573F00D07A1B /* ServiceHelper.m */ = {isa = PBXFileReference; fileEncoding = 4; lastKnownFileType = sourcecode.c.objc; path = ServiceHelper.m; sourceTree = "<group>"; };
		01CEC6E01678576900D07A1B /* AppConfigure.h */ = {isa = PBXFileReference; fileEncoding = 4; lastKnownFileType = sourcecode.c.h; path = AppConfigure.h; sourceTree = "<group>"; };
		01CEC6E1167857AF00D07A1B /* SystemConfiguration.framework */ = {isa = PBXFileReference; lastKnownFileType = wrapper.framework; name = SystemConfiguration.framework; path = System/Library/Frameworks/SystemConfiguration.framework; sourceTree = SDKROOT; };
		01CEC6E3167857BA00D07A1B /* CFNetwork.framework */ = {isa = PBXFileReference; lastKnownFileType = wrapper.framework; name = CFNetwork.framework; path = System/Library/Frameworks/CFNetwork.framework; sourceTree = SDKROOT; };
		01CEC6E61678580F00D07A1B /* GDataXMLNode.h */ = {isa = PBXFileReference; fileEncoding = 4; lastKnownFileType = sourcecode.c.h; path = GDataXMLNode.h; sourceTree = "<group>"; };
		01CEC6E71678580F00D07A1B /* GDataXMLNode.m */ = {isa = PBXFileReference; fileEncoding = 4; lastKnownFileType = sourcecode.c.objc; path = GDataXMLNode.m; sourceTree = "<group>"; };
		01CEC6E81678580F00D07A1B /* GDataDefines.h */ = {isa = PBXFileReference; fileEncoding = 4; lastKnownFileType = sourcecode.c.h; path = GDataDefines.h; sourceTree = "<group>"; };
		01CEC6E91678580F00D07A1B /* GDataTargetNamespace.h */ = {isa = PBXFileReference; fileEncoding = 4; lastKnownFileType = sourcecode.c.h; path = GDataTargetNamespace.h; sourceTree = "<group>"; };
		01CEC6EA1678580F00D07A1B /* SoapXmlParseHelper.h */ = {isa = PBXFileReference; fileEncoding = 4; lastKnownFileType = sourcecode.c.h; path = SoapXmlParseHelper.h; sourceTree = "<group>"; };
		01CEC6EB1678580F00D07A1B /* SoapXmlParseHelper.m */ = {isa = PBXFileReference; fileEncoding = 4; lastKnownFileType = sourcecode.c.objc; path = SoapXmlParseHelper.m; sourceTree = "<group>"; };
		01CEC6EE1678584D00D07A1B /* libxml2.dylib */ = {isa = PBXFileReference; lastKnownFileType = "compiled.mach-o.dylib"; name = libxml2.dylib; path = usr/lib/libxml2.dylib; sourceTree = SDKROOT; };
		01CEC6F0167858E300D07A1B /* libz.dylib */ = {isa = PBXFileReference; lastKnownFileType = "compiled.mach-o.dylib"; name = libz.dylib; path = usr/lib/libz.dylib; sourceTree = SDKROOT; };
		01CEC6F21678591000D07A1B /* MobileCoreServices.framework */ = {isa = PBXFileReference; lastKnownFileType = wrapper.framework; name = MobileCoreServices.framework; path = System/Library/Frameworks/MobileCoreServices.framework; sourceTree = SDKROOT; };
		01CEC6F6167874A400D07A1B /* SoapHelper.h */ = {isa = PBXFileReference; fileEncoding = 4; lastKnownFileType = sourcecode.c.h; path = SoapHelper.h; sourceTree = "<group>"; };
		01CEC6F7167874A400D07A1B /* SoapHelper.m */ = {isa = PBXFileReference; fileEncoding = 4; lastKnownFileType = sourcecode.c.objc; path = SoapHelper.m; sourceTree = "<group>"; };
		01CEC6FA1678854500D07A1B /* MBProgressHUD.h */ = {isa = PBXFileReference; fileEncoding = 4; lastKnownFileType = sourcecode.c.h; path = MBProgressHUD.h; sourceTree = "<group>"; };
		01CEC6FB1678854500D07A1B /* MBProgressHUD.m */ = {isa = PBXFileReference; fileEncoding = 4; lastKnownFileType = sourcecode.c.objc; path = MBProgressHUD.m; sourceTree = "<group>"; };
		01CF465E1687F12900645EF2 /* AppHelper.h */ = {isa = PBXFileReference; fileEncoding = 4; lastKnownFileType = sourcecode.c.h; path = AppHelper.h; sourceTree = "<group>"; };
		01CF465F1687F12A00645EF2 /* AppHelper.m */ = {isa = PBXFileReference; fileEncoding = 4; lastKnownFileType = sourcecode.c.objc; path = AppHelper.m; sourceTree = "<group>"; };
/* End PBXFileReference section */

/* Begin PBXFrameworksBuildPhase section */
		01CEC6951678566700D07A1B /* Frameworks */ = {
			isa = PBXFrameworksBuildPhase;
			buildActionMask = 2147483647;
			files = (
				01CEC6F31678591000D07A1B /* MobileCoreServices.framework in Frameworks */,
				01CEC6F1167858E300D07A1B /* libz.dylib in Frameworks */,
				01CEC6EF1678584D00D07A1B /* libxml2.dylib in Frameworks */,
				01CEC6E4167857BA00D07A1B /* CFNetwork.framework in Frameworks */,
				01CEC6E2167857AF00D07A1B /* SystemConfiguration.framework in Frameworks */,
				01CEC69D1678566700D07A1B /* UIKit.framework in Frameworks */,
				01CEC69F1678566700D07A1B /* Foundation.framework in Frameworks */,
				01CEC6A11678566700D07A1B /* CoreGraphics.framework in Frameworks */,
			);
			runOnlyForDeploymentPostprocessing = 0;
		};
/* End PBXFrameworksBuildPhase section */

/* Begin PBXGroup section */
		01CEC68D1678566700D07A1B = {
			isa = PBXGroup;
			children = (
				01CEC6A21678566700D07A1B /* WebService */,
				01CEC69B1678566700D07A1B /* Frameworks */,
				01CEC6991678566700D07A1B /* Products */,
			);
			sourceTree = "<group>";
		};
		01CEC6991678566700D07A1B /* Products */ = {
			isa = PBXGroup;
			children = (
				01CEC6981678566700D07A1B /* WebService.app */,
			);
			name = Products;
			sourceTree = "<group>";
		};
		01CEC69B1678566700D07A1B /* Frameworks */ = {
			isa = PBXGroup;
			children = (
				01CEC6F21678591000D07A1B /* MobileCoreServices.framework */,
				01CEC6F0167858E300D07A1B /* libz.dylib */,
				01CEC6EE1678584D00D07A1B /* libxml2.dylib */,
				01CEC6E3167857BA00D07A1B /* CFNetwork.framework */,
				01CEC6E1167857AF00D07A1B /* SystemConfiguration.framework */,
				01CEC69C1678566700D07A1B /* UIKit.framework */,
				01CEC69E1678566700D07A1B /* Foundation.framework */,
				01CEC6A01678566700D07A1B /* CoreGraphics.framework */,
			);
			name = Frameworks;
			sourceTree = "<group>";
		};
		01CEC6A21678566700D07A1B /* WebService */ = {
			isa = PBXGroup;
			children = (
				01B3217F1689418E00648346 /* URLConnectionViewController.h */,
				01B321801689418E00648346 /* URLConnectionViewController.m */,
				01CEC6BF1678566F00D07A1B /* Class */,
				01CEC6AB1678566700D07A1B /* AppDelegate.h */,
				01CEC6AC1678566700D07A1B /* AppDelegate.m */,
				01CEC6B41678566700D07A1B /* MainStoryboard.storyboard */,
				01CEC6B71678566700D07A1B /* ViewController.h */,
				01CEC6B81678566700D07A1B /* ViewController.m */,
				01CEC6A31678566700D07A1B /* Supporting Files */,
			);
			path = WebService;
			sourceTree = "<group>";
		};
		01CEC6A31678566700D07A1B /* Supporting Files */ = {
			isa = PBXGroup;
			children = (
				01BC5C571679B17400E870DF /* datatable.xml */,
				01CEC6A41678566700D07A1B /* WebService-Info.plist */,
				01CEC6A51678566700D07A1B /* InfoPlist.strings */,
				01CEC6A81678566700D07A1B /* main.m */,
				01CEC6AA1678566700D07A1B /* WebService-Prefix.pch */,
				01CEC6AE1678566700D07A1B /* Default.png */,
				01CEC6B01678566700D07A1B /* Default@2x.png */,
				01CEC6B21678566700D07A1B /* Default-568h@2x.png */,
			);
			name = "Supporting Files";
			sourceTree = "<group>";
		};
		01CEC6BF1678566F00D07A1B /* Class */ = {
			isa = PBXGroup;
			children = (
				01CEC6F91678853500D07A1B /* Animation */,
				01CEC6F51678747000D07A1B /* SoapHelper */,
				01CEC6E5167857FA00D07A1B /* XmlParse */,
				01CEC6DF1678574300D07A1B /* WebService */,
				01CF465E1687F12900645EF2 /* AppHelper.h */,
				01CF465F1687F12A00645EF2 /* AppHelper.m */,
			);
			name = Class;
			sourceTree = "<group>";
		};
		01CEC6C11678570300D07A1B /* Reachability */ = {
			isa = PBXGroup;
			children = (
				01CEC6C21678571000D07A1B /* Reachability.h */,
				01CEC6C31678571000D07A1B /* Reachability.m */,
			);
			name = Reachability;
			sourceTree = "<group>";
		};
		01CEC6C51678572000D07A1B /* Request */ = {
			isa = PBXGroup;
			children = (
				01CEC6C61678573200D07A1B /* ASINetworkQueue.h */,
				01CEC6C71678573200D07A1B /* ASINetworkQueue.m */,
				01CEC6C81678573200D07A1B /* ASIDataDecompressor.h */,
				01CEC6C91678573200D07A1B /* ASIDataDecompressor.m */,
				01CEC6CA1678573200D07A1B /* ASIDataCompressor.h */,
				01CEC6CB1678573200D07A1B /* ASIDataCompressor.m */,
				01CEC6CC1678573200D07A1B /* ASIInputStream.h */,
				01CEC6CD1678573200D07A1B /* ASIInputStream.m */,
				01CEC6CE1678573200D07A1B /* ASIAuthenticationDialog.h */,
				01CEC6CF1678573200D07A1B /* ASIAuthenticationDialog.m */,
				01CEC6D01678573200D07A1B /* ASICacheDelegate.h */,
				01CEC6D11678573200D07A1B /* ASIProgressDelegate.h */,
				01CEC6D21678573200D07A1B /* ASIHTTPRequestDelegate.h */,
				01CEC6D31678573200D07A1B /* ASIHTTPRequestConfig.h */,
				01CEC6D41678573200D07A1B /* ASIHTTPRequest.h */,
				01CEC6D51678573200D07A1B /* ASIHTTPRequest.m */,
			);
			name = Request;
			sourceTree = "<group>";
		};
		01CEC6DF1678574300D07A1B /* WebService */ = {
			isa = PBXGroup;
			children = (
				01B3217C16893CD200648346 /* WebServices.h */,
				01B3217D16893CD200648346 /* WebServices.m */,
				01CEC6E01678576900D07A1B /* AppConfigure.h */,
				01CEC6C51678572000D07A1B /* Request */,
				01CEC6C11678570300D07A1B /* Reachability */,
				01CEC6DC1678573F00D07A1B /* ServiceHelper.h */,
				01CEC6DD1678573F00D07A1B /* ServiceHelper.m */,
			);
			name = WebService;
			sourceTree = "<group>";
		};
		01CEC6E5167857FA00D07A1B /* XmlParse */ = {
			isa = PBXGroup;
			children = (
				01CEC6E61678580F00D07A1B /* GDataXMLNode.h */,
				01CEC6E71678580F00D07A1B /* GDataXMLNode.m */,
				01CEC6E81678580F00D07A1B /* GDataDefines.h */,
				01CEC6E91678580F00D07A1B /* GDataTargetNamespace.h */,
				01CEC6EA1678580F00D07A1B /* SoapXmlParseHelper.h */,
				01CEC6EB1678580F00D07A1B /* SoapXmlParseHelper.m */,
			);
			name = XmlParse;
			sourceTree = "<group>";
		};
		01CEC6F51678747000D07A1B /* SoapHelper */ = {
			isa = PBXGroup;
			children = (
				01CEC6F6167874A400D07A1B /* SoapHelper.h */,
				01CEC6F7167874A400D07A1B /* SoapHelper.m */,
			);
			name = SoapHelper;
			sourceTree = "<group>";
		};
		01CEC6F91678853500D07A1B /* Animation */ = {
			isa = PBXGroup;
			children = (
				01CEC6FA1678854500D07A1B /* MBProgressHUD.h */,
				01CEC6FB1678854500D07A1B /* MBProgressHUD.m */,
			);
			name = Animation;
			sourceTree = "<group>";
		};
/* End PBXGroup section */

/* Begin PBXNativeTarget section */
		01CEC6971678566700D07A1B /* WebService */ = {
			isa = PBXNativeTarget;
			buildConfigurationList = 01CEC6BC1678566700D07A1B /* Build configuration list for PBXNativeTarget "WebService" */;
			buildPhases = (
				01CEC6941678566700D07A1B /* Sources */,
				01CEC6951678566700D07A1B /* Frameworks */,
				01CEC6961678566700D07A1B /* Resources */,
			);
			buildRules = (
			);
			dependencies = (
			);
			name = WebService;
			productName = WebService;
			productReference = 01CEC6981678566700D07A1B /* WebService.app */;
			productType = "com.apple.product-type.application";
		};
/* End PBXNativeTarget section */

/* Begin PBXProject section */
		01CEC68F1678566700D07A1B /* Project object */ = {
			isa = PBXProject;
			attributes = {
				LastUpgradeCheck = 0450;
				ORGANIZATIONNAME = rang;
			};
			buildConfigurationList = 01CEC6921678566700D07A1B /* Build configuration list for PBXProject "WebService" */;
			compatibilityVersion = "Xcode 3.2";
			developmentRegion = English;
			hasScannedForEncodings = 0;
			knownRegions = (
				en,
			);
			mainGroup = 01CEC68D1678566700D07A1B;
			productRefGroup = 01CEC6991678566700D07A1B /* Products */;
			projectDirPath = "";
			projectRoot = "";
			targets = (
				01CEC6971678566700D07A1B /* WebService */,
			);
		};
/* End PBXProject section */

/* Begin PBXResourcesBuildPhase section */
		01CEC6961678566700D07A1B /* Resources */ = {
			isa = PBXResourcesBuildPhase;
			buildActionMask = 2147483647;
			files = (
				01CEC6A71678566700D07A1B /* InfoPlist.strings in Resources */,
				01CEC6AF1678566700D07A1B /* Default.png in Resources */,
				01CEC6B11678566700D07A1B /* Default@2x.png in Resources */,
				01CEC6B31678566700D07A1B /* Default-568h@2x.png in Resources */,
				01CEC6B61678566700D07A1B /* MainStoryboard.storyboard in Resources */,
				01BC5C581679B17400E870DF /* datatable.xml in Resources */,
			);
			runOnlyForDeploymentPostprocessing = 0;
		};
/* End PBXResourcesBuildPhase section */

/* Begin PBXSourcesBuildPhase section */
		01CEC6941678566700D07A1B /* Sources */ = {
			isa = PBXSourcesBuildPhase;
			buildActionMask = 2147483647;
			files = (
				01CEC6A91678566700D07A1B /* main.m in Sources */,
				01CEC6AD1678566700D07A1B /* AppDelegate.m in Sources */,
				01CEC6B91678566700D07A1B /* ViewController.m in Sources */,
				01CEC6C41678571000D07A1B /* Reachability.m in Sources */,
				01CEC6D61678573200D07A1B /* ASINetworkQueue.m in Sources */,
				01CEC6D71678573200D07A1B /* ASIDataDecompressor.m in Sources */,
				01CEC6D81678573200D07A1B /* ASIDataCompressor.m in Sources */,
				01CEC6D91678573200D07A1B /* ASIInputStream.m in Sources */,
				01CEC6DA1678573200D07A1B /* ASIAuthenticationDialog.m in Sources */,
				01CEC6DB1678573200D07A1B /* ASIHTTPRequest.m in Sources */,
				01CEC6DE1678573F00D07A1B /* ServiceHelper.m in Sources */,
				01CEC6EC1678580F00D07A1B /* GDataXMLNode.m in Sources */,
				01CEC6ED1678580F00D07A1B /* SoapXmlParseHelper.m in Sources */,
				01CEC6F8167874A400D07A1B /* SoapHelper.m in Sources */,
				01CEC6FC1678854500D07A1B /* MBProgressHUD.m in Sources */,
				01CF46601687F12A00645EF2 /* AppHelper.m in Sources */,
				01B3217E16893CD200648346 /* WebServices.m in Sources */,
				01B321821689418E00648346 /* URLConnectionViewController.m in Sources */,
			);
			runOnlyForDeploymentPostprocessing = 0;
		};
/* End PBXSourcesBuildPhase section */

/* Begin PBXVariantGroup section */
		01CEC6A51678566700D07A1B /* InfoPlist.strings */ = {
			isa = PBXVariantGroup;
			children = (
				01CEC6A61678566700D07A1B /* en */,
			);
			name = InfoPlist.strings;
			sourceTree = "<group>";
		};
		01CEC6B41678566700D07A1B /* MainStoryboard.storyboard */ = {
			isa = PBXVariantGroup;
			children = (
				01CEC6B51678566700D07A1B /* en */,
			);
			name = MainStoryboard.storyboard;
			sourceTree = "<group>";
		};
/* End PBXVariantGroup section */

/* Begin XCBuildConfiguration section */
		01CEC6BA1678566700D07A1B /* Debug */ = {
			isa = XCBuildConfiguration;
			buildSettings = {
				ALWAYS_SEARCH_USER_PATHS = NO;
				CLANG_CXX_LANGUAGE_STANDARD = "gnu++0x";
				CLANG_CXX_LIBRARY = "libc++";
				CLANG_WARN_EMPTY_BODY = YES;
				CLANG_WARN__DUPLICATE_METHOD_MATCH = YES;
				"CODE_SIGN_IDENTITY[sdk=iphoneos*]" = "iPhone Developer";
				COPY_PHASE_STRIP = NO;
				GCC_C_LANGUAGE_STANDARD = gnu99;
				GCC_DYNAMIC_NO_PIC = NO;
				GCC_OPTIMIZATION_LEVEL = 0;
				GCC_PREPROCESSOR_DEFINITIONS = (
					"DEBUG=1",
					"$(inherited)",
				);
				GCC_SYMBOLS_PRIVATE_EXTERN = NO;
				GCC_WARN_ABOUT_RETURN_TYPE = YES;
				GCC_WARN_UNINITIALIZED_AUTOS = YES;
				GCC_WARN_UNUSED_VARIABLE = YES;
				HEADER_SEARCH_PATHS = /usr/include/libxml2;
				IPHONEOS_DEPLOYMENT_TARGET = 6.0;
				SDKROOT = iphoneos;
			};
			name = Debug;
		};
		01CEC6BB1678566700D07A1B /* Release */ = {
			isa = XCBuildConfiguration;
			buildSettings = {
				ALWAYS_SEARCH_USER_PATHS = NO;
				CLANG_CXX_LANGUAGE_STANDARD = "gnu++0x";
				CLANG_CXX_LIBRARY = "libc++";
				CLANG_WARN_EMPTY_BODY = YES;
				CLANG_WARN__DUPLICATE_METHOD_MATCH = YES;
				"CODE_SIGN_IDENTITY[sdk=iphoneos*]" = "iPhone Developer";
				COPY_PHASE_STRIP = YES;
				GCC_C_LANGUAGE_STANDARD = gnu99;
				GCC_WARN_ABOUT_RETURN_TYPE = YES;
				GCC_WARN_UNINITIALIZED_AUTOS = YES;
				GCC_WARN_UNUSED_VARIABLE = YES;
				HEADER_SEARCH_PATHS = /usr/include/libxml2;
				IPHONEOS_DEPLOYMENT_TARGET = 6.0;
				OTHER_CFLAGS = "-DNS_BLOCK_ASSERTIONS=1";
				SDKROOT = iphoneos;
				VALIDATE_PRODUCT = YES;
			};
			name = Release;
		};
		01CEC6BD1678566700D07A1B /* Debug */ = {
			isa = XCBuildConfiguration;
			buildSettings = {
				GCC_PRECOMPILE_PREFIX_HEADER = YES;
				GCC_PREFIX_HEADER = "WebService/WebService-Prefix.pch";
				INFOPLIST_FILE = "WebService/WebService-Info.plist";
				PRODUCT_NAME = "$(TARGET_NAME)";
				WRAPPER_EXTENSION = app;
			};
			name = Debug;
		};
		01CEC6BE1678566700D07A1B /* Release */ = {
			isa = XCBuildConfiguration;
			buildSettings = {
				GCC_PRECOMPILE_PREFIX_HEADER = YES;
				GCC_PREFIX_HEADER = "WebService/WebService-Prefix.pch";
				INFOPLIST_FILE = "WebService/WebService-Info.plist";
				PRODUCT_NAME = "$(TARGET_NAME)";
				WRAPPER_EXTENSION = app;
			};
			name = Release;
		};
/* End XCBuildConfiguration section */

/* Begin XCConfigurationList section */
		01CEC6921678566700D07A1B /* Build configuration list for PBXProject "WebService" */ = {
			isa = XCConfigurationList;
			buildConfigurations = (
				01CEC6BA1678566700D07A1B /* Debug */,
				01CEC6BB1678566700D07A1B /* Release */,
			);
			defaultConfigurationIsVisible = 0;
			defaultConfigurationName = Release;
		};
		01CEC6BC1678566700D07A1B /* Build configuration list for PBXNativeTarget "WebService" */ = {
			isa = XCConfigurationList;
			buildConfigurations = (
				01CEC6BD1678566700D07A1B /* Debug */,
				01CEC6BE1678566700D07A1B /* Release */,
			);
			defaultConfigurationIsVisible = 0;
			defaultConfigurationName = Release;
		};
/* End XCConfigurationList section */
	};
	rootObject = 01CEC68F1678566700D07A1B /* Project object */;
}
